PODS:
  - AdobeMobileSDK (4.15.0):
    - AdobeMobileSDK/iOS (= 4.15.0)
  - AdobeMobileSDK/iOS (4.15.0)
  - ATInternet-iOS-ObjC-SDK/iOS (2.2.0):
    - ATInternet-iOS-ObjC-SDK/Res
  - ATInternet-iOS-ObjC-SDK/Res (2.2.0)
  - Bolts (1.8.4):
    - Bolts/AppLinks (= 1.8.4)
    - Bolts/Tasks (= 1.8.4)
  - Bolts/AppLinks (1.8.4):
    - Bolts/Tasks
  - Bolts/Tasks (1.8.4)
  - FBSDKCoreKit (4.19.0):
    - Bolts (~> 1.7)
  - Firebase/Core (3.13.0):
    - FirebaseAnalytics (= 3.7.0)
    - FirebaseCore (= 3.5.0)
  - FirebaseAnalytics (3.7.0):
    - FirebaseCore (~> 3.5)
    - FirebaseInstanceID (~> 1.0)
    - GoogleToolboxForMac/NSData+zlib (~> 2.1)
  - FirebaseCore (3.5.0):
    - GoogleToolboxForMac/NSData+zlib (~> 2.1)
  - FirebaseInstanceID (1.0.9)
  - GoogleAnalytics (3.17.0)
  - GoogleSymbolUtilities (1.1.2)
  - GoogleTagManager (5.0.8):
    - FirebaseAnalytics (~> 3.0)
    - GoogleAnalytics (~> 3.0)
    - GoogleUtilities (~> 1.3.0)
  - GoogleToolboxForMac/Defines (2.1.1)
  - GoogleToolboxForMac/NSData+zlib (2.1.1):
    - GoogleToolboxForMac/Defines (= 2.1.1)
  - GoogleUtilities (1.3.2):
    - GoogleSymbolUtilities (~> 1.1)
  - OCHamcrest (6.0.0)
  - OCMockito (4.0.1):
    - OCHamcrest (~> 6.0)
  - Tune (4.5.0)

DEPENDENCIES:
  - AdobeMobileSDK (= 4.15.0)
  - ATInternet-iOS-ObjC-SDK/iOS (= 2.2.0)
  - FBSDKCoreKit (= 4.19.0)
  - Firebase/Core
  - GoogleTagManager (~> 5.0)
  - OCMockito (~> 4.0.0)
  - Tune (= 4.5.0)

SPEC CHECKSUMS:
  AdobeMobileSDK: 7fd5a52302bcbb2ad24c6fb6ef4d1f58e0d654e3
  ATInternet-iOS-ObjC-SDK: 8d6fea9247384678f2e3d4347ec8b015460b6c8f
  Bolts: 8a7995239dbe724f9cba2248b766d48b7ebdd322
  FBSDKCoreKit: 894b2b6eda6a4c8c4204e92e59cc355709ef045c
  Firebase: 5bc34d7b5ff5792e3386c8b28dc6265deeab0da4
  FirebaseAnalytics: 0d1b7d81d5021155be37702a94ba1ec16d45365d
  FirebaseCore: 1c0a13bf59bb95cdd19577252499f0ec6a03e999
  FirebaseInstanceID: 2d0518b1378fe9d685ef40cbdd63d2fdc1125339
  GoogleAnalytics: f42cc53a87a51fe94334821868d9c8481ff47a7b
  GoogleSymbolUtilities: 631ee17048aa5e9ab133470d768ea997a5ef9b96
  GoogleTagManager: 312a9a033d224e66ceaa42f35f4c7bf893211d79
  GoogleToolboxForMac: 8e329f1b599f2512c6b10676d45736bcc2cbbeb0
  GoogleUtilities: 8bbc733218aad26306f9d4a253823986110e3358
  OCHamcrest: fc8ab38149b97df8db8029a3f2157c951bf9081d
  OCMockito: 62ddc6afff6a883f2864d51224b1dfdc0e9a7df7
  Tune: e1f0d196e70360e514708ad5eee9fc9180b7b4f9

PODFILE CHECKSUM: 16c9d45d371a4a2a7e33d256ba4d5aeb121e02c1

COCOAPODS: 1.4.0
